
Microsoft Visual Studio Solution File, Format Version 10.00
# Visual Studio 2008
Project("{8BC9CEB8-8B4A-11D0-8D11-00A0C91BC942}") = "rpn", "rpn.vcproj", "{64C17FDE-AB0A-4977-9658-31D4D10C700B}"
EndProject
Global
	GlobalSection(SolutionConfigurationPlatforms) = preSolution
		Debug|Win32 = Debug|Win32
		Release|Win32 = Release|Win32
	EndGlobalSection
	GlobalSection(ProjectConfigurationPlatforms) = postSolution
		{64C17FDE-AB0A-4977-9658-31D4D10C700B}.Debug|Win32.ActiveCfg = Debug|Win32
		{64C17FDE-AB0A-4977-9658-31D4D10C700B}.Debug|Win32.Build.0 = Debug|Win32
		{64C17FDE-AB0A-4977-9658-31D4D10C700B}.Release|Win32.ActiveCfg = Release|Win32
		{64C17FDE-AB0A-4977-9658-31D4D10C700B}.Release|Win32.Build.0 = Release|Win32
	EndGlobalSection
	GlobalSection(SolutionProperties) = preSolution
		HideSolutionNode = FALSE
	EndGlobalSection
EndGlobal
